{
  "nodes": {
    "blueprint": {
      "inputs": {
        "nixpkgs": [
          "nixos-facter",
          "nixpkgs"
        ],
        "systems": [
          "nixos-facter",
          "systems"
        ]
      },
      "locked": {
        "lastModified": 1727784414,
        "narHash": "sha256-t3olvkbnZsv/XGFocOWnU+Hy+tT7QuzY2RecGWKs8WU=",
        "owner": "numtide",
        "repo": "blueprint",
        "rev": "be8a5dbb413a047ef95334b17f51541b29be17ee",
        "type": "github"
      },
      "original": {
        "owner": "numtide",
        "repo": "blueprint",
        "type": "github"
      }
    },
    "disko": {
      "inputs": {
        "nixpkgs": [
          "nixpkgs"
        ]
      },
      "locked": {
        "lastModified": 1727359191,
        "narHash": "sha256-5PltTychnExFwzpEnY3WhOywaMV/M6NxYI/y3oXuUtw=",
        "owner": "nix-community",
        "repo": "disko",
        "rev": "67dc29be3036cc888f0b9d4f0a788ee0f6768700",
        "type": "github"
      },
      "original": {
        "owner": "nix-community",
        "ref": "master",
        "repo": "disko",
        "type": "github"
      }
    },
    "flake-parts": {
      "inputs": {
        "nixpkgs-lib": [
          "nixpkgs"
        ]
      },
      "locked": {
        "lastModified": 1726153070,
        "narHash": "sha256-HO4zgY0ekfwO5bX0QH/3kJ/h4KvUDFZg8YpkNwIbg1U=",
        "owner": "hercules-ci",
        "repo": "flake-parts",
        "rev": "bcef6817a8b2aa20a5a6dbb19b43e63c5bf8619a",
        "type": "github"
      },
      "original": {
        "owner": "hercules-ci",
        "repo": "flake-parts",
        "type": "github"
      }
    },
    "flake-utils": {
      "inputs": {
        "systems": [
          "nixos-facter",
          "systems"
        ]
      },
      "locked": {
        "lastModified": 1726560853,
        "narHash": "sha256-X6rJYSESBVr3hBoH0WbKE5KvhPU5bloyZ2L4K60/fPQ=",
        "owner": "numtide",
        "repo": "flake-utils",
        "rev": "c1dfcf08411b08f6b8615f7d8971a2bfa81d5e8a",
        "type": "github"
      },
      "original": {
        "owner": "numtide",
        "repo": "flake-utils",
        "type": "github"
      }
    },
    "flake-utils_2": {
      "inputs": {
        "systems": [
          "nixos-facter",
          "godoc",
          "systems"
        ]
      },
      "locked": {
        "lastModified": 1710146030,
        "narHash": "sha256-SZ5L6eA7HJ/nmkzGG7/ISclqe6oZdOZTNoesiInkXPQ=",
        "owner": "numtide",
        "repo": "flake-utils",
        "rev": "b1d9ab70662946ef0850d488da1c9019f3a9752a",
        "type": "github"
      },
      "original": {
        "owner": "numtide",
        "repo": "flake-utils",
        "type": "github"
      }
    },
    "godoc": {
      "inputs": {
        "blueprint": [
          "nixos-facter",
          "blueprint"
        ],
        "flake-utils": "flake-utils_2",
        "gomod2nix": "gomod2nix",
        "nixpkgs": [
          "nixos-facter",
          "nixpkgs"
        ],
        "systems": [
          "nixos-facter",
          "systems"
        ],
        "treefmt-nix": [
          "nixos-facter",
          "treefmt-nix"
        ]
      },
      "locked": {
        "lastModified": 1725981199,
        "narHash": "sha256-QoXfZPi+k1dAh6p9uD8Ie64lECDm5XyoClmzhxWuDqs=",
        "owner": "numtide",
        "repo": "godoc",
        "rev": "6657fc706efcd44a05bd7c80c20696c7513193c6",
        "type": "github"
      },
      "original": {
        "owner": "numtide",
        "repo": "godoc",
        "type": "github"
      }
    },
    "gomod2nix": {
      "inputs": {
        "flake-utils": [
          "nixos-facter",
          "godoc",
          "flake-utils"
        ],
        "nixpkgs": [
          "nixos-facter",
          "godoc",
          "nixpkgs"
        ]
      },
      "locked": {
        "lastModified": 1722589758,
        "narHash": "sha256-sbbA8b6Q2vB/t/r1znHawoXLysCyD4L/6n6/RykiSnA=",
        "owner": "nix-community",
        "repo": "gomod2nix",
        "rev": "4e08ca09253ef996bd4c03afa383b23e35fe28a1",
        "type": "github"
      },
      "original": {
        "owner": "nix-community",
        "repo": "gomod2nix",
        "type": "github"
      }
    },
    "gomod2nix_2": {
      "inputs": {
        "flake-utils": [
          "nixos-facter",
          "flake-utils"
        ],
        "nixpkgs": [
          "nixos-facter",
          "nixpkgs"
        ]
      },
      "locked": {
        "lastModified": 1727668934,
        "narHash": "sha256-nPpQ/4k6Fjaq2CHNSdO6j1ikiuWApuk/S6lU6ISp5SQ=",
        "owner": "nix-community",
        "repo": "gomod2nix",
        "rev": "066e0dd2afde263f547cb0905b77cea00521d86c",
        "type": "github"
      },
      "original": {
        "owner": "nix-community",
        "repo": "gomod2nix",
        "type": "github"
      }
    },
    "hwinfo": {
      "inputs": {
        "blueprint": [
          "nixos-facter",
          "blueprint"
        ],
        "nixpkgs": [
          "nixos-facter",
          "nixpkgs"
        ],
        "systems": [
          "nixos-facter",
          "systems"
        ]
      },
      "locked": {
        "lastModified": 1727361527,
        "narHash": "sha256-3abkWPr98qXXQ17r1Z43gh2M5hl/DHjW2hfeWl+GSAs=",
        "owner": "numtide",
        "repo": "hwinfo",
        "rev": "a559f34934098d54096ed2078e750a8245ae4044",
        "type": "github"
      },
      "original": {
        "owner": "numtide",
        "repo": "hwinfo",
        "type": "github"
      }
    },
    "nixos-facter": {
      "inputs": {
        "blueprint": "blueprint",
        "disko": [
          "disko"
        ],
        "flake-utils": "flake-utils",
        "godoc": "godoc",
        "gomod2nix": "gomod2nix_2",
        "hwinfo": "hwinfo",
        "nixpkgs": [
          "nixpkgs"
        ],
        "systems": "systems",
        "treefmt-nix": "treefmt-nix"
      },
      "locked": {
        "lastModified": 1728299773,
        "narHash": "sha256-azoSyK/pjoJrnOLaeN7U9hY1LxQarXNLv08Ps383Wws=",
        "owner": "numtide",
        "repo": "nixos-facter",
        "rev": "4386a33b033f846de055ee32a1ddb0fd8ae270f2",
        "type": "github"
      },
      "original": {
        "owner": "numtide",
        "repo": "nixos-facter",
        "type": "github"
      }
    },
    "nixos-images": {
      "inputs": {
        "nixos-stable": [
          "nixos-stable"
        ],
        "nixos-unstable": [
          "nixpkgs"
        ]
      },
      "locked": {
        "lastModified": 1727367213,
        "narHash": "sha256-7O4pi8MmcJpA0nYUQkdolvKGyu6zNjf2gFYD1Q0xppc=",
        "owner": "nix-community",
        "repo": "nixos-images",
        "rev": "3e7978bab153f39f3fc329ad346d35a8871420f7",
        "type": "github"
      },
      "original": {
        "owner": "nix-community",
        "repo": "nixos-images",
        "type": "github"
      }
    },
    "nixos-stable": {
      "locked": {
        "lastModified": 1727264057,
        "narHash": "sha256-KQPI8CTTnB9CrJ7LrmLC4VWbKZfljEPBXOFGZFRpxao=",
        "owner": "NixOS",
        "repo": "nixpkgs",
        "rev": "759537f06e6999e141588ff1c9be7f3a5c060106",
        "type": "github"
      },
      "original": {
        "owner": "NixOS",
        "ref": "nixos-24.05",
        "repo": "nixpkgs",
        "type": "github"
      }
    },
    "nixpkgs": {
      "locked": {
        "lastModified": 1727320268,
        "narHash": "sha256-B4AK91+9frHerQ6mFAtaR46ECMRtZufrtXFj/b5NqYU=",
        "owner": "nixos",
        "repo": "nixpkgs",
        "rev": "ea2838e1ce0a9da2abf88275843aca29d9f82b30",
        "type": "github"
      },
      "original": {
        "owner": "nixos",
        "ref": "nixos-unstable-small",
        "repo": "nixpkgs",
        "type": "github"
      }
    },
    "root": {
      "inputs": {
        "disko": "disko",
        "flake-parts": "flake-parts",
        "nixos-facter": "nixos-facter",
        "nixos-images": "nixos-images",
        "nixos-stable": "nixos-stable",
        "nixpkgs": "nixpkgs",
        "treefmt-nix": "treefmt-nix_2"
      }
    },
    "systems": {
      "locked": {
        "lastModified": 1681028828,
        "narHash": "sha256-Vy1rq5AaRuLzOxct8nz4T6wlgyUR7zLU309k9mBC768=",
        "owner": "nix-systems",
        "repo": "default",
        "rev": "da67096a3b9bf56a91d16901293e51ba5b49a27e",
        "type": "github"
      },
      "original": {
        "owner": "nix-systems",
        "repo": "default",
        "type": "github"
      }
    },
    "treefmt-nix": {
      "inputs": {
        "nixpkgs": [
          "nixos-facter",
          "nixpkgs"
        ]
      },
      "locked": {
        "lastModified": 1727984844,
        "narHash": "sha256-xpRqITAoD8rHlXQafYZOLvUXCF6cnZkPfoq67ThN0Hc=",
        "owner": "numtide",
        "repo": "treefmt-nix",
        "rev": "4446c7a6fc0775df028c5a3f6727945ba8400e64",
        "type": "github"
      },
      "original": {
        "owner": "numtide",
        "repo": "treefmt-nix",
        "type": "github"
      }
    },
    "treefmt-nix_2": {
      "inputs": {
        "nixpkgs": [
          "nixpkgs"
        ]
      },
      "locked": {
        "lastModified": 1727252110,
        "narHash": "sha256-3O7RWiXpvqBcCl84Mvqa8dXudZ1Bol1ubNdSmQt7nF4=",
        "owner": "numtide",
        "repo": "treefmt-nix",
        "rev": "1bff2ba6ec22bc90e9ad3f7e94cca0d37870afa3",
        "type": "github"
      },
      "original": {
        "owner": "numtide",
        "repo": "treefmt-nix",
        "type": "github"
      }
    }
  },
  "root": "root",
  "version": 7
}
